
Microsoft Visual Studio Solution File, Format Version 12.00
Project("{2150E333-8FDC-42A3-9474-1A3956D46DE8}") = "src", "src", "{BA1ED3E8-087D-46DA-AD25-C35CE81AFF73}"
EndProject
Project("{2150E333-8FDC-42A3-9474-1A3956D46DE8}") = "test", "test", "{0C566446-B78A-4A30-BFE3-64427A67370B}"
EndProject
Project("{2150E333-8FDC-42A3-9474-1A3956D46DE8}") = "presentations", "presentations", "{ECD47D7C-5D49-4839-9809-0462E8776DD2}"
EndProject
Project("{2150E333-8FDC-42A3-9474-1A3956D46DE8}") = "libraries", "libraries", "{BFDAF658-FEB8-457E-AE1F-32DBF886529F}"
EndProject
Project("{2150E333-8FDC-42A3-9474-1A3956D46DE8}") = "services", "services", "{0A2272B6-A17E-4662-9681-C97758FAE84B}"
EndProject
Project("{2150E333-8FDC-42A3-9474-1A3956D46DE8}") = "auth", "auth", "{F23EB373-FC6B-4B2B-86D1-B7EA95E57DEB}"
EndProject
Project("{2150E333-8FDC-42A3-9474-1A3956D46DE8}") = "cache", "cache", "{4238A035-C6B6-4ADC-94A8-C0C8637A94EE}"
EndProject
Project("{2150E333-8FDC-42A3-9474-1A3956D46DE8}") = "security", "security", "{0AEF1540-B132-4E8A-8E81-F8003A8C0B66}"
EndProject
Project("{FAE04EC0-301F-11D3-BF4B-00C04F79EFBC}") = "ltunes.Core.Auth.Abstraction", "src\libraries\auth\ltunes.Core.Auth.Abstraction\ltunes.Core.Auth.Abstraction.csproj", "{0D647EF4-0883-4ED4-9B7F-3181CAC8417A}"
EndProject
Project("{FAE04EC0-301F-11D3-BF4B-00C04F79EFBC}") = "ltunes.Core.Auth.Jwt", "src\libraries\auth\ltunes.Core.Auth.Jwt\ltunes.Core.Auth.Jwt.csproj", "{AB7490A4-071B-43A6-97ED-539C91B114AD}"
EndProject
Project("{FAE04EC0-301F-11D3-BF4B-00C04F79EFBC}") = "ltunes.Core.Cache.Abstraction", "src\libraries\cache\ltunes.Core.Cache.Abstraction\ltunes.Core.Cache.Abstraction.csproj", "{EC98A948-A2D5-43CF-A9A0-5732879C910E}"
EndProject
Project("{FAE04EC0-301F-11D3-BF4B-00C04F79EFBC}") = "lTunes.Core.Cache.Memory", "src\libraries\cache\lTunes.Core.Cache.Memory\lTunes.Core.Cache.Memory.csproj", "{EAD01B24-AB5B-4902-B1F1-FE093234C830}"
EndProject
Project("{FAE04EC0-301F-11D3-BF4B-00C04F79EFBC}") = "ltunes.Security.Tools", "src\libraries\security\ltunes.Security.Tools\ltunes.Security.Tools.csproj", "{2663AF07-9839-4338-A709-BA31404DB9E0}"
EndProject
Project("{FAE04EC0-301F-11D3-BF4B-00C04F79EFBC}") = "ITunes.UrlShortener.Api", "src\presentations\ITunes.UrlShortener.Api\ITunes.UrlShortener.Api.csproj", "{8F08D4F0-BE4C-4EA4-9B50-E84406D1BC79}"
EndProject
Project("{FAE04EC0-301F-11D3-BF4B-00C04F79EFBC}") = "ITunes.UrlShortener.WebUI", "src\presentations\ITunes.UrlShortener.WebUI\ITunes.UrlShortener.WebUI.csproj", "{A39A4137-525D-4305-A1D2-95075BDF6FDD}"
EndProject
Project("{FAE04EC0-301F-11D3-BF4B-00C04F79EFBC}") = "ITunes.UrlShortener.Entities", "src\services\ITunes.UrlShortener.Entities\ITunes.UrlShortener.Entities.csproj", "{9FBF563B-1E66-43D6-86FB-4040DA253979}"
EndProject
Project("{FAE04EC0-301F-11D3-BF4B-00C04F79EFBC}") = "ITunes.UrlShortener.Repositories", "src\services\ITunes.UrlShortener.Repositories\ITunes.UrlShortener.Repositories.csproj", "{AE258088-C858-4058-84CA-273AC81F7E5B}"
EndProject
Project("{FAE04EC0-301F-11D3-BF4B-00C04F79EFBC}") = "ITunes.UrlShortener.Services", "src\services\ITunes.UrlShortener.Services\ITunes.UrlShortener.Services.csproj", "{4EB2B2E1-1848-4062-9458-D7216F6CDC53}"
EndProject
Project("{FAE04EC0-301F-11D3-BF4B-00C04F79EFBC}") = "ITunes.Test", "test\ITunes.Test\ITunes.Test.csproj", "{42F3062D-6AF6-4BCA-BFED-58CD9EE89CB6}"
EndProject
Global
	GlobalSection(SolutionConfigurationPlatforms) = preSolution
		Debug|Any CPU = Debug|Any CPU
		Release|Any CPU = Release|Any CPU
	EndGlobalSection
	GlobalSection(NestedProjects) = preSolution
		{ECD47D7C-5D49-4839-9809-0462E8776DD2} = {BA1ED3E8-087D-46DA-AD25-C35CE81AFF73}
		{BFDAF658-FEB8-457E-AE1F-32DBF886529F} = {BA1ED3E8-087D-46DA-AD25-C35CE81AFF73}
		{0A2272B6-A17E-4662-9681-C97758FAE84B} = {BA1ED3E8-087D-46DA-AD25-C35CE81AFF73}
		{F23EB373-FC6B-4B2B-86D1-B7EA95E57DEB} = {BFDAF658-FEB8-457E-AE1F-32DBF886529F}
		{4238A035-C6B6-4ADC-94A8-C0C8637A94EE} = {BFDAF658-FEB8-457E-AE1F-32DBF886529F}
		{0AEF1540-B132-4E8A-8E81-F8003A8C0B66} = {BFDAF658-FEB8-457E-AE1F-32DBF886529F}
		{0D647EF4-0883-4ED4-9B7F-3181CAC8417A} = {F23EB373-FC6B-4B2B-86D1-B7EA95E57DEB}
		{AB7490A4-071B-43A6-97ED-539C91B114AD} = {F23EB373-FC6B-4B2B-86D1-B7EA95E57DEB}
		{EC98A948-A2D5-43CF-A9A0-5732879C910E} = {4238A035-C6B6-4ADC-94A8-C0C8637A94EE}
		{EAD01B24-AB5B-4902-B1F1-FE093234C830} = {4238A035-C6B6-4ADC-94A8-C0C8637A94EE}
		{2663AF07-9839-4338-A709-BA31404DB9E0} = {0AEF1540-B132-4E8A-8E81-F8003A8C0B66}
		{8F08D4F0-BE4C-4EA4-9B50-E84406D1BC79} = {ECD47D7C-5D49-4839-9809-0462E8776DD2}
		{A39A4137-525D-4305-A1D2-95075BDF6FDD} = {ECD47D7C-5D49-4839-9809-0462E8776DD2}
		{9FBF563B-1E66-43D6-86FB-4040DA253979} = {0A2272B6-A17E-4662-9681-C97758FAE84B}
		{AE258088-C858-4058-84CA-273AC81F7E5B} = {0A2272B6-A17E-4662-9681-C97758FAE84B}
		{4EB2B2E1-1848-4062-9458-D7216F6CDC53} = {0A2272B6-A17E-4662-9681-C97758FAE84B}
		{42F3062D-6AF6-4BCA-BFED-58CD9EE89CB6} = {0C566446-B78A-4A30-BFE3-64427A67370B}
	EndGlobalSection
	GlobalSection(ProjectConfigurationPlatforms) = postSolution
		{0D647EF4-0883-4ED4-9B7F-3181CAC8417A}.Debug|Any CPU.ActiveCfg = Debug|Any CPU
		{0D647EF4-0883-4ED4-9B7F-3181CAC8417A}.Debug|Any CPU.Build.0 = Debug|Any CPU
		{0D647EF4-0883-4ED4-9B7F-3181CAC8417A}.Release|Any CPU.ActiveCfg = Release|Any CPU
		{0D647EF4-0883-4ED4-9B7F-3181CAC8417A}.Release|Any CPU.Build.0 = Release|Any CPU
		{AB7490A4-071B-43A6-97ED-539C91B114AD}.Debug|Any CPU.ActiveCfg = Debug|Any CPU
		{AB7490A4-071B-43A6-97ED-539C91B114AD}.Debug|Any CPU.Build.0 = Debug|Any CPU
		{AB7490A4-071B-43A6-97ED-539C91B114AD}.Release|Any CPU.ActiveCfg = Release|Any CPU
		{AB7490A4-071B-43A6-97ED-539C91B114AD}.Release|Any CPU.Build.0 = Release|Any CPU
		{EC98A948-A2D5-43CF-A9A0-5732879C910E}.Debug|Any CPU.ActiveCfg = Debug|Any CPU
		{EC98A948-A2D5-43CF-A9A0-5732879C910E}.Debug|Any CPU.Build.0 = Debug|Any CPU
		{EC98A948-A2D5-43CF-A9A0-5732879C910E}.Release|Any CPU.ActiveCfg = Release|Any CPU
		{EC98A948-A2D5-43CF-A9A0-5732879C910E}.Release|Any CPU.Build.0 = Release|Any CPU
		{EAD01B24-AB5B-4902-B1F1-FE093234C830}.Debug|Any CPU.ActiveCfg = Debug|Any CPU
		{EAD01B24-AB5B-4902-B1F1-FE093234C830}.Debug|Any CPU.Build.0 = Debug|Any CPU
		{EAD01B24-AB5B-4902-B1F1-FE093234C830}.Release|Any CPU.ActiveCfg = Release|Any CPU
		{EAD01B24-AB5B-4902-B1F1-FE093234C830}.Release|Any CPU.Build.0 = Release|Any CPU
		{2663AF07-9839-4338-A709-BA31404DB9E0}.Debug|Any CPU.ActiveCfg = Debug|Any CPU
		{2663AF07-9839-4338-A709-BA31404DB9E0}.Debug|Any CPU.Build.0 = Debug|Any CPU
		{2663AF07-9839-4338-A709-BA31404DB9E0}.Release|Any CPU.ActiveCfg = Release|Any CPU
		{2663AF07-9839-4338-A709-BA31404DB9E0}.Release|Any CPU.Build.0 = Release|Any CPU
		{8F08D4F0-BE4C-4EA4-9B50-E84406D1BC79}.Debug|Any CPU.ActiveCfg = Debug|Any CPU
		{8F08D4F0-BE4C-4EA4-9B50-E84406D1BC79}.Debug|Any CPU.Build.0 = Debug|Any CPU
		{8F08D4F0-BE4C-4EA4-9B50-E84406D1BC79}.Release|Any CPU.ActiveCfg = Release|Any CPU
		{8F08D4F0-BE4C-4EA4-9B50-E84406D1BC79}.Release|Any CPU.Build.0 = Release|Any CPU
		{A39A4137-525D-4305-A1D2-95075BDF6FDD}.Debug|Any CPU.ActiveCfg = Debug|Any CPU
		{A39A4137-525D-4305-A1D2-95075BDF6FDD}.Debug|Any CPU.Build.0 = Debug|Any CPU
		{A39A4137-525D-4305-A1D2-95075BDF6FDD}.Release|Any CPU.ActiveCfg = Release|Any CPU
		{A39A4137-525D-4305-A1D2-95075BDF6FDD}.Release|Any CPU.Build.0 = Release|Any CPU
		{9FBF563B-1E66-43D6-86FB-4040DA253979}.Debug|Any CPU.ActiveCfg = Debug|Any CPU
		{9FBF563B-1E66-43D6-86FB-4040DA253979}.Debug|Any CPU.Build.0 = Debug|Any CPU
		{9FBF563B-1E66-43D6-86FB-4040DA253979}.Release|Any CPU.ActiveCfg = Release|Any CPU
		{9FBF563B-1E66-43D6-86FB-4040DA253979}.Release|Any CPU.Build.0 = Release|Any CPU
		{AE258088-C858-4058-84CA-273AC81F7E5B}.Debug|Any CPU.ActiveCfg = Debug|Any CPU
		{AE258088-C858-4058-84CA-273AC81F7E5B}.Debug|Any CPU.Build.0 = Debug|Any CPU
		{AE258088-C858-4058-84CA-273AC81F7E5B}.Release|Any CPU.ActiveCfg = Release|Any CPU
		{AE258088-C858-4058-84CA-273AC81F7E5B}.Release|Any CPU.Build.0 = Release|Any CPU
		{4EB2B2E1-1848-4062-9458-D7216F6CDC53}.Debug|Any CPU.ActiveCfg = Debug|Any CPU
		{4EB2B2E1-1848-4062-9458-D7216F6CDC53}.Debug|Any CPU.Build.0 = Debug|Any CPU
		{4EB2B2E1-1848-4062-9458-D7216F6CDC53}.Release|Any CPU.ActiveCfg = Release|Any CPU
		{4EB2B2E1-1848-4062-9458-D7216F6CDC53}.Release|Any CPU.Build.0 = Release|Any CPU
		{42F3062D-6AF6-4BCA-BFED-58CD9EE89CB6}.Debug|Any CPU.ActiveCfg = Debug|Any CPU
		{42F3062D-6AF6-4BCA-BFED-58CD9EE89CB6}.Debug|Any CPU.Build.0 = Debug|Any CPU
		{42F3062D-6AF6-4BCA-BFED-58CD9EE89CB6}.Release|Any CPU.ActiveCfg = Release|Any CPU
		{42F3062D-6AF6-4BCA-BFED-58CD9EE89CB6}.Release|Any CPU.Build.0 = Release|Any CPU
	EndGlobalSection
EndGlobal
